
Microsoft Visual Studio Solution File, Format Version 12.00
# Visual Studio 2012
Project("{FAE04EC0-301F-11D3-BF4B-00C04F79EFBC}") = "pzw_d2_2", "pzw_d2_2\pzw_d2_2.csproj", "{D5B8385E-D53B-4A96-8918-949B9402EEEC}"
EndProject
Global
	GlobalSection(SolutionConfigurationPlatforms) = preSolution
		Debug|Any CPU = Debug|Any CPU
		Release|Any CPU = Release|Any CPU
	EndGlobalSection
	GlobalSection(ProjectConfigurationPlatforms) = postSolution
		{D5B8385E-D53B-4A96-8918-949B9402EEEC}.Debug|Any CPU.ActiveCfg = Debug|Any CPU
		{D5B8385E-D53B-4A96-8918-949B9402EEEC}.Debug|Any CPU.Build.0 = Debug|Any CPU
		{D5B8385E-D53B-4A96-8918-949B9402EEEC}.Release|Any CPU.ActiveCfg = Release|Any CPU
		{D5B8385E-D53B-4A96-8918-949B9402EEEC}.Release|Any CPU.Build.0 = Release|Any CPU
	EndGlobalSection
	GlobalSection(SolutionProperties) = preSolution
		HideSolutionNode = FALSE
	EndGlobalSection
EndGlobal
